{
  "requires": true,
  "lockfileVersion": 1,
  "dependencies": {
    "@types/cookie": {
      "version": "0.3.1",
      "resolved": "https://registry.npmjs.org/@types/cookie/-/cookie-0.3.1.tgz",
      "integrity": "sha512-64Uv+8bTRVZHlbB8eXQgMP9HguxPgnOOIYrQpwHWrtLDrtcG/lILKhUl7bV65NSOIJ9dXGYD7skQFXzhL8tk1A=="
    },
    "@types/hoist-non-react-statics": {
      "version": "3.0.1",
      "resolved": "https://registry.npmjs.org/@types/hoist-non-react-statics/-/hoist-non-react-statics-3.0.1.tgz",
      "integrity": "sha512-3wTz66vV+WatOAjMST+hKCmo01KYPFgnsu+QeLcn0FuwPCoymX6aj1a4RvFCdVsfh2m0hfTPhE/zTv4M28ho1Q==",
      "requires": {
        "@types/react": "*"
      }
    },
    "@types/object-assign": {
      "version": "4.0.30",
      "resolved": "https://registry.npmjs.org/@types/object-assign/-/object-assign-4.0.30.tgz",
      "integrity": "sha1-iUk3HVqZ9Dge4PHfCpt6GH4H5lI="
    },
    "@types/prop-types": {
      "version": "15.5.5",
      "resolved": "https://registry.npmjs.org/@types/prop-types/-/prop-types-15.5.5.tgz",
      "integrity": "sha512-mOrlCEdwX3seT3n0AXNt4KNPAZZxcsABUHwBgFXOt+nvFUXkxCAO6UBJHPrDxWEa2KDMil86355fjo8jbZ+K0Q==",
      "requires": {
        "@types/react": "*"
      }
    },
    "@types/react": {
      "version": "16.4.14",
      "resolved": "https://registry.npmjs.org/@types/react/-/react-16.4.14.tgz",
      "integrity": "sha512-Gh8irag2dbZ2K6vPn+S8+LNrULuG3zlCgJjVUrvuiUK7waw9d9CFk2A/tZFyGhcMDUyO7tznbx1ZasqlAGjHxA==",
      "requires": {
        "@types/prop-types": "*",
        "csstype": "^2.2.0"
      }
    },
    "cookie": {
      "version": "0.3.1",
      "resolved": "https://registry.npmjs.org/cookie/-/cookie-0.3.1.tgz",
      "integrity": "sha1-5+Ch+e9DtMi6klxcWpboBtFoc7s="
    },
    "csstype": {
      "version": "2.5.7",
      "resolved": "https://registry.npmjs.org/csstype/-/csstype-2.5.7.tgz",
      "integrity": "sha512-Nt5VDyOTIIV4/nRFswoCKps1R5CD1hkiyjBE9/thNaNZILLEviVw9yWQw15+O+CpNjQKB/uvdcxFFOrSflY3Yw=="
    },
    "hoist-non-react-statics": {
      "version": "3.0.1",
      "resolved": "https://registry.npmjs.org/hoist-non-react-statics/-/hoist-non-react-statics-3.0.1.tgz",
      "integrity": "sha512-1kXwPsOi0OGQIZNVMPvgWJ9tSnGMiMfJdihqEzrPEXlHOBh9AAHXX/QYmAJTXztnz/K+PQ8ryCb4eGaN6HlGbQ==",
      "requires": {
        "react-is": "^16.3.2"
      }
    },
    "object-assign": {
      "version": "4.1.1",
      "resolved": "https://registry.npmjs.org/object-assign/-/object-assign-4.1.1.tgz",
      "integrity": "sha1-IQmtx5ZYh8/AXLvUQsrIv7s2CGM="
    },
    "react-cookie": {
      "version": "3.0.4",
      "resolved": "https://registry.npmjs.org/react-cookie/-/react-cookie-3.0.4.tgz",
      "integrity": "sha512-WNf1LifcjRQfg/QEDYQkey78XNJ46/k+lhoKrTK1Iv1jiqInl5jmjRBnEqDJ32HhgeL0iJAsJrEC+o+LkJ/O9Q==",
      "requires": {
        "@types/hoist-non-react-statics": "^3.0.1",
        "hoist-non-react-statics": "^3.0.0",
        "universal-cookie": "^3.0.4"
      }
    },
    "react-is": {
      "version": "16.5.1",
      "resolved": "https://registry.npmjs.org/react-is/-/react-is-16.5.1.tgz",
      "integrity": "sha512-Q7S+9y2lJA9oJCMqLt045f+kLRhsMLA1wW2DAGXA6b7wcTQRHnUDMc5oR49tn0Z4swvnfV+/t8iZFXY74IQmpA=="
    },
    "universal-cookie": {
      "version": "3.0.4",
      "resolved": "https://registry.npmjs.org/universal-cookie/-/universal-cookie-3.0.4.tgz",
      "integrity": "sha512-3rhx6RAIuRmCWJttnbgzMrp2TbHhUmgQ2GrpY/US03Siv5T28iXr2qYw1m3YqmluBxEyrvZaloVemkLSId+Oyg==",
      "requires": {
        "@types/cookie": "^0.3.1",
        "@types/object-assign": "^4.0.30",
        "cookie": "^0.3.1",
        "object-assign": "^4.1.0"
      }
    }
  }
}
